# This file is automatically @generated by Cargo.
# It is not intended for manual editing.
version = 3

[[package]]
name = "approx"
version = "0.5.1"
source = "registry+https://github.com/rust-lang/crates.io-index"
checksum = "cab112f0a86d568ea0e627cc1d6be74a1e9cd55214684db5561995f6dad897c6"
dependencies = [
 "num-traits",
]

[[package]]
name = "arrayvec"
version = "0.7.6"
source = "registry+https://github.com/rust-lang/crates.io-index"
checksum = "7c02d123df017efcdfbd739ef81735b36c5ba83ec3c59c80a9d7ecc718f92e50"

[[package]]
name = "autocfg"
version = "1.5.0"
source = "registry+https://github.com/rust-lang/crates.io-index"
checksum = "c08606f8c3cbf4ce6ec8e28fb0014a2c086708fe954eaa885384a6165172e7e8"

[[package]]
name = "euclid"
version = "0.22.13"
source = "registry+https://github.com/rust-lang/crates.io-index"
checksum = "df61bf483e837f88d5c2291dcf55c67be7e676b3a51acc48db3a7b163b91ed63"
dependencies = [
 "num-traits",
]

[[package]]
name = "hagoromo"
version = "0.1.0"
dependencies = [
 "approx",
 "kurbo",
]

[[package]]
name = "kurbo"
version = "0.11.3"
source = "registry+https://github.com/rust-lang/crates.io-index"
checksum = "c62026ae44756f8a599ba21140f350303d4f08dcdcc71b5ad9c9bb8128c13c62"
dependencies = [
 "arrayvec",
 "euclid",
 "smallvec",
]

[[package]]
name = "num-traits"
version = "0.2.19"
source = "registry+https://github.com/rust-lang/crates.io-index"
checksum = "071dfc062690e90b734c0b2273ce72ad0ffa95f0c74596bc250dcfd960262841"
dependencies = [
 "autocfg",
]

[[package]]
name = "smallvec"
version = "1.15.1"
source = "registry+https://github.com/rust-lang/crates.io-index"
checksum = "67b1b7a3b5fe4f1376887184045fcf45c69e92af734b7aaddc05fb777b6fbd03"
